// !$*UTF8*$!
{
	archiveVersion = 1;
	classes = {
	};
	objectVersion = 46;
	objects = {

/* Begin PBXBuildFile section */
		681D5DE21E082C4A00F33CF1 /* ScanViewController.xib in Resources */ = {isa = PBXBuildFile; fileRef = 681D5DE01E082C4A00F33CF1 /* ScanViewController.xib */; };
		681D5DE61E08394700F33CF1 /* DeviceCell.swift in Sources */ = {isa = PBXBuildFile; fileRef = 681D5DE51E08394700F33CF1 /* DeviceCell.swift */; };
		681D5DE81E083A5900F33CF1 /* ScanController.swift in Sources */ = {isa = PBXBuildFile; fileRef = 681D5DE71E083A5900F33CF1 /* ScanController.swift */; };
		683AE3761E009BD200D2A793 /* AppDelegate.swift in Sources */ = {isa = PBXBuildFile; fileRef = 683AE3751E009BD200D2A793 /* AppDelegate.swift */; };
		683AE3781E009BD200D2A793 /* FirstViewController.swift in Sources */ = {isa = PBXBuildFile; fileRef = 683AE3771E009BD200D2A793 /* FirstViewController.swift */; };
		683AE37A1E009BD200D2A793 /* SecondViewController.swift in Sources */ = {isa = PBXBuildFile; fileRef = 683AE3791E009BD200D2A793 /* SecondViewController.swift */; };
		683AE37D1E009BD200D2A793 /* Main.storyboard in Resources */ = {isa = PBXBuildFile; fileRef = 683AE37B1E009BD200D2A793 /* Main.storyboard */; };
		683AE37F1E009BD200D2A793 /* Assets.xcassets in Resources */ = {isa = PBXBuildFile; fileRef = 683AE37E1E009BD200D2A793 /* Assets.xcassets */; };
		683AE3821E009BD200D2A793 /* LaunchScreen.storyboard in Resources */ = {isa = PBXBuildFile; fileRef = 683AE3801E009BD200D2A793 /* LaunchScreen.storyboard */; };
		683AE38D1E009BD200D2A793 /* MyNewt_SensorsTests.swift in Sources */ = {isa = PBXBuildFile; fileRef = 683AE38C1E009BD200D2A793 /* MyNewt_SensorsTests.swift */; };
		683AE3981E009BD200D2A793 /* MyNewt_SensorsUITests.swift in Sources */ = {isa = PBXBuildFile; fileRef = 683AE3971E009BD200D2A793 /* MyNewt_SensorsUITests.swift */; };
		683AE3A61E00A07300D2A793 /* MyNewtSensor.swift in Sources */ = {isa = PBXBuildFile; fileRef = 683AE3A51E00A07300D2A793 /* MyNewtSensor.swift */; };
		683AE3A81E00A42B00D2A793 /* MyNewtDev.swift in Sources */ = {isa = PBXBuildFile; fileRef = 683AE3A71E00A42B00D2A793 /* MyNewtDev.swift */; };
		683AE3AA1E00A61900D2A793 /* myNewtCell.swift in Sources */ = {isa = PBXBuildFile; fileRef = 683AE3A91E00A61900D2A793 /* myNewtCell.swift */; };
		68B2B8C71E3A638D00D5D74C /* SignalButton.swift in Sources */ = {isa = PBXBuildFile; fileRef = 68B2B8C61E3A638D00D5D74C /* SignalButton.swift */; };
/* End PBXBuildFile section */

/* Begin PBXContainerItemProxy section */
		683AE3891E009BD200D2A793 /* PBXContainerItemProxy */ = {
			isa = PBXContainerItemProxy;
			containerPortal = 683AE36A1E009BD200D2A793 /* Project object */;
			proxyType = 1;
			remoteGlobalIDString = 683AE3711E009BD200D2A793;
			remoteInfo = "MyNewt Sensors";
		};
		683AE3941E009BD200D2A793 /* PBXContainerItemProxy */ = {
			isa = PBXContainerItemProxy;
			containerPortal = 683AE36A1E009BD200D2A793 /* Project object */;
			proxyType = 1;
			remoteGlobalIDString = 683AE3711E009BD200D2A793;
			remoteInfo = "MyNewt Sensors";
		};
/* End PBXContainerItemProxy section */

/* Begin PBXFileReference section */
		681D5DE01E082C4A00F33CF1 /* ScanViewController.xib */ = {isa = PBXFileReference; fileEncoding = 4; lastKnownFileType = file.xib; path = ScanViewController.xib; sourceTree = "<group>"; };
		681D5DE51E08394700F33CF1 /* DeviceCell.swift */ = {isa = PBXFileReference; fileEncoding = 4; lastKnownFileType = sourcecode.swift; path = DeviceCell.swift; sourceTree = "<group>"; };
		681D5DE71E083A5900F33CF1 /* ScanController.swift */ = {isa = PBXFileReference; fileEncoding = 4; lastKnownFileType = sourcecode.swift; path = ScanController.swift; sourceTree = "<group>"; };
		683AE3721E009BD200D2A793 /* MyNewt.app */ = {isa = PBXFileReference; explicitFileType = wrapper.application; includeInIndex = 0; path = MyNewt.app; sourceTree = BUILT_PRODUCTS_DIR; };
		683AE3751E009BD200D2A793 /* AppDelegate.swift */ = {isa = PBXFileReference; lastKnownFileType = sourcecode.swift; path = AppDelegate.swift; sourceTree = "<group>"; };
		683AE3771E009BD200D2A793 /* FirstViewController.swift */ = {isa = PBXFileReference; lastKnownFileType = sourcecode.swift; path = FirstViewController.swift; sourceTree = "<group>"; };
		683AE3791E009BD200D2A793 /* SecondViewController.swift */ = {isa = PBXFileReference; lastKnownFileType = sourcecode.swift; path = SecondViewController.swift; sourceTree = "<group>"; };
		683AE37C1E009BD200D2A793 /* Base */ = {isa = PBXFileReference; lastKnownFileType = file.storyboard; name = Base; path = Base.lproj/Main.storyboard; sourceTree = "<group>"; };
		683AE37E1E009BD200D2A793 /* Assets.xcassets */ = {isa = PBXFileReference; lastKnownFileType = folder.assetcatalog; path = Assets.xcassets; sourceTree = "<group>"; };
		683AE3811E009BD200D2A793 /* Base */ = {isa = PBXFileReference; lastKnownFileType = file.storyboard; name = Base; path = Base.lproj/LaunchScreen.storyboard; sourceTree = "<group>"; };
		683AE3831E009BD200D2A793 /* Info.plist */ = {isa = PBXFileReference; lastKnownFileType = text.plist.xml; path = Info.plist; sourceTree = "<group>"; };
		683AE3881E009BD200D2A793 /* MyNewtTests.xctest */ = {isa = PBXFileReference; explicitFileType = wrapper.cfbundle; includeInIndex = 0; path = MyNewtTests.xctest; sourceTree = BUILT_PRODUCTS_DIR; };
		683AE38C1E009BD200D2A793 /* MyNewt_SensorsTests.swift */ = {isa = PBXFileReference; lastKnownFileType = sourcecode.swift; path = MyNewt_SensorsTests.swift; sourceTree = "<group>"; };
		683AE38E1E009BD200D2A793 /* Info.plist */ = {isa = PBXFileReference; lastKnownFileType = text.plist.xml; path = Info.plist; sourceTree = "<group>"; };
		683AE3931E009BD200D2A793 /* MyNewtUITests.xctest */ = {isa = PBXFileReference; explicitFileType = wrapper.cfbundle; includeInIndex = 0; path = MyNewtUITests.xctest; sourceTree = BUILT_PRODUCTS_DIR; };
		683AE3971E009BD200D2A793 /* MyNewt_SensorsUITests.swift */ = {isa = PBXFileReference; lastKnownFileType = sourcecode.swift; path = MyNewt_SensorsUITests.swift; sourceTree = "<group>"; };
		683AE3991E009BD200D2A793 /* Info.plist */ = {isa = PBXFileReference; lastKnownFileType = text.plist.xml; path = Info.plist; sourceTree = "<group>"; };
		683AE3A51E00A07300D2A793 /* MyNewtSensor.swift */ = {isa = PBXFileReference; fileEncoding = 4; lastKnownFileType = sourcecode.swift; path = MyNewtSensor.swift; sourceTree = "<group>"; };
		683AE3A71E00A42B00D2A793 /* MyNewtDev.swift */ = {isa = PBXFileReference; fileEncoding = 4; lastKnownFileType = sourcecode.swift; path = MyNewtDev.swift; sourceTree = "<group>"; };
		683AE3A91E00A61900D2A793 /* myNewtCell.swift */ = {isa = PBXFileReference; fileEncoding = 4; lastKnownFileType = sourcecode.swift; path = myNewtCell.swift; sourceTree = "<group>"; };
		68AA8CCC1E2E93760056E139 /* CorePlot.xcconfig */ = {isa = PBXFileReference; lastKnownFileType = text.xcconfig; name = CorePlot.xcconfig; path = "../core-plot/framework/xcconfig/CorePlot.xcconfig"; sourceTree = "<group>"; };
		68B2B8C61E3A638D00D5D74C /* SignalButton.swift */ = {isa = PBXFileReference; fileEncoding = 4; lastKnownFileType = sourcecode.swift; path = SignalButton.swift; sourceTree = "<group>"; };
/* End PBXFileReference section */

/* Begin PBXFrameworksBuildPhase section */
		683AE36F1E009BD200D2A793 /* Frameworks */ = {
			isa = PBXFrameworksBuildPhase;
			buildActionMask = 2147483647;
			files = (
			);
			runOnlyForDeploymentPostprocessing = 0;
		};
		683AE3851E009BD200D2A793 /* Frameworks */ = {
			isa = PBXFrameworksBuildPhase;
			buildActionMask = 2147483647;
			files = (
			);
			runOnlyForDeploymentPostprocessing = 0;
		};
		683AE3901E009BD200D2A793 /* Frameworks */ = {
			isa = PBXFrameworksBuildPhase;
			buildActionMask = 2147483647;
			files = (
			);
			runOnlyForDeploymentPostprocessing = 0;
		};
/* End PBXFrameworksBuildPhase section */

/* Begin PBXGroup section */
		683AE3691E009BD200D2A793 = {
			isa = PBXGroup;
			children = (
				683AE3741E009BD200D2A793 /* MyNewt Sensors */,
				683AE38B1E009BD200D2A793 /* MyNewt SensorsTests */,
				683AE3961E009BD200D2A793 /* MyNewt SensorsUITests */,
				683AE3731E009BD200D2A793 /* Products */,
				68AA8CCB1E2E93760056E139 /* Frameworks */,
			);
			sourceTree = "<group>";
		};
		683AE3731E009BD200D2A793 /* Products */ = {
			isa = PBXGroup;
			children = (
				683AE3721E009BD200D2A793 /* MyNewt.app */,
				683AE3881E009BD200D2A793 /* MyNewtTests.xctest */,
				683AE3931E009BD200D2A793 /* MyNewtUITests.xctest */,
			);
			name = Products;
			sourceTree = "<group>";
		};
		683AE3741E009BD200D2A793 /* MyNewt Sensors */ = {
			isa = PBXGroup;
			children = (
				683AE3751E009BD200D2A793 /* AppDelegate.swift */,
				683AE3771E009BD200D2A793 /* FirstViewController.swift */,
				683AE3791E009BD200D2A793 /* SecondViewController.swift */,
				683AE37B1E009BD200D2A793 /* Main.storyboard */,
				68B2B8C61E3A638D00D5D74C /* SignalButton.swift */,
				681D5DE71E083A5900F33CF1 /* ScanController.swift */,
				681D5DE01E082C4A00F33CF1 /* ScanViewController.xib */,
				683AE3A91E00A61900D2A793 /* myNewtCell.swift */,
				681D5DE51E08394700F33CF1 /* DeviceCell.swift */,
				683AE3A71E00A42B00D2A793 /* MyNewtDev.swift */,
				683AE3A51E00A07300D2A793 /* MyNewtSensor.swift */,
				683AE37E1E009BD200D2A793 /* Assets.xcassets */,
				683AE3801E009BD200D2A793 /* LaunchScreen.storyboard */,
				683AE3831E009BD200D2A793 /* Info.plist */,
			);
			path = "MyNewt Sensors";
			sourceTree = "<group>";
		};
		683AE38B1E009BD200D2A793 /* MyNewt SensorsTests */ = {
			isa = PBXGroup;
			children = (
				683AE38C1E009BD200D2A793 /* MyNewt_SensorsTests.swift */,
				683AE38E1E009BD200D2A793 /* Info.plist */,
			);
			path = "MyNewt SensorsTests";
			sourceTree = "<group>";
		};
		683AE3961E009BD200D2A793 /* MyNewt SensorsUITests */ = {
			isa = PBXGroup;
			children = (
				683AE3971E009BD200D2A793 /* MyNewt_SensorsUITests.swift */,
				683AE3991E009BD200D2A793 /* Info.plist */,
			);
			path = "MyNewt SensorsUITests";
			sourceTree = "<group>";
		};
		68AA8CCB1E2E93760056E139 /* Frameworks */ = {
			isa = PBXGroup;
			children = (
				68AA8CCC1E2E93760056E139 /* CorePlot.xcconfig */,
			);
			name = Frameworks;
			sourceTree = "<group>";
		};
/* End PBXGroup section */

/* Begin PBXNativeTarget section */
		683AE3711E009BD200D2A793 /* MyNewt */ = {
			isa = PBXNativeTarget;
			buildConfigurationList = 683AE39C1E009BD200D2A793 /* Build configuration list for PBXNativeTarget "MyNewt" */;
			buildPhases = (
				683AE36E1E009BD200D2A793 /* Sources */,
				683AE36F1E009BD200D2A793 /* Frameworks */,
				683AE3701E009BD200D2A793 /* Resources */,
			);
			buildRules = (
			);
			dependencies = (
			);
			name = MyNewt;
			productName = "MyNewt Sensors";
			productReference = 683AE3721E009BD200D2A793 /* MyNewt.app */;
			productType = "com.apple.product-type.application";
		};
		683AE3871E009BD200D2A793 /* MyNewtTests */ = {
			isa = PBXNativeTarget;
			buildConfigurationList = 683AE39F1E009BD200D2A793 /* Build configuration list for PBXNativeTarget "MyNewtTests" */;
			buildPhases = (
				683AE3841E009BD200D2A793 /* Sources */,
				683AE3851E009BD200D2A793 /* Frameworks */,
				683AE3861E009BD200D2A793 /* Resources */,
			);
			buildRules = (
			);
			dependencies = (
				683AE38A1E009BD200D2A793 /* PBXTargetDependency */,
			);
			name = MyNewtTests;
			productName = "MyNewt SensorsTests";
			productReference = 683AE3881E009BD200D2A793 /* MyNewtTests.xctest */;
			productType = "com.apple.product-type.bundle.unit-test";
		};
		683AE3921E009BD200D2A793 /* MyNewtUITests */ = {
			isa = PBXNativeTarget;
			buildConfigurationList = 683AE3A21E009BD200D2A793 /* Build configuration list for PBXNativeTarget "MyNewtUITests" */;
			buildPhases = (
				683AE38F1E009BD200D2A793 /* Sources */,
				683AE3901E009BD200D2A793 /* Frameworks */,
				683AE3911E009BD200D2A793 /* Resources */,
			);
			buildRules = (
			);
			dependencies = (
				683AE3951E009BD200D2A793 /* PBXTargetDependency */,
			);
			name = MyNewtUITests;
			productName = "MyNewt SensorsUITests";
			productReference = 683AE3931E009BD200D2A793 /* MyNewtUITests.xctest */;
			productType = "com.apple.product-type.bundle.ui-testing";
		};
/* End PBXNativeTarget section */

/* Begin PBXProject section */
		683AE36A1E009BD200D2A793 /* Project object */ = {
			isa = PBXProject;
			attributes = {
				LastSwiftUpdateCheck = 0810;
				LastUpgradeCheck = 0810;
				ORGANIZATIONNAME = "Dragonfly IoT";
				TargetAttributes = {
					683AE3711E009BD200D2A793 = {
						CreatedOnToolsVersion = 8.1;
						DevelopmentTeam = 54PAT44GP7;
						ProvisioningStyle = Automatic;
					};
					683AE3871E009BD200D2A793 = {
						CreatedOnToolsVersion = 8.1;
						DevelopmentTeam = 54PAT44GP7;
						ProvisioningStyle = Automatic;
						TestTargetID = 683AE3711E009BD200D2A793;
					};
					683AE3921E009BD200D2A793 = {
						CreatedOnToolsVersion = 8.1;
						DevelopmentTeam = 54PAT44GP7;
						ProvisioningStyle = Automatic;
						TestTargetID = 683AE3711E009BD200D2A793;
					};
				};
			};
			buildConfigurationList = 683AE36D1E009BD200D2A793 /* Build configuration list for PBXProject "MyNewt" */;
			compatibilityVersion = "Xcode 3.2";
			developmentRegion = English;
			hasScannedForEncodings = 0;
			knownRegions = (
				en,
				Base,
			);
			mainGroup = 683AE3691E009BD200D2A793;
			productRefGroup = 683AE3731E009BD200D2A793 /* Products */;
			projectDirPath = "";
			projectRoot = "";
			targets = (
				683AE3711E009BD200D2A793 /* MyNewt */,
				683AE3871E009BD200D2A793 /* MyNewtTests */,
				683AE3921E009BD200D2A793 /* MyNewtUITests */,
			);
		};
/* End PBXProject section */

/* Begin PBXResourcesBuildPhase section */
		683AE3701E009BD200D2A793 /* Resources */ = {
			isa = PBXResourcesBuildPhase;
			buildActionMask = 2147483647;
			files = (
				683AE3821E009BD200D2A793 /* LaunchScreen.storyboard in Resources */,
				683AE37F1E009BD200D2A793 /* Assets.xcassets in Resources */,
				681D5DE21E082C4A00F33CF1 /* ScanViewController.xib in Resources */,
				683AE37D1E009BD200D2A793 /* Main.storyboard in Resources */,
			);
			runOnlyForDeploymentPostprocessing = 0;
		};
		683AE3861E009BD200D2A793 /* Resources */ = {
			isa = PBXResourcesBuildPhase;
			buildActionMask = 2147483647;
			files = (
			);
			runOnlyForDeploymentPostprocessing = 0;
		};
		683AE3911E009BD200D2A793 /* Resources */ = {
			isa = PBXResourcesBuildPhase;
			buildActionMask = 2147483647;
			files = (
			);
			runOnlyForDeploymentPostprocessing = 0;
		};
/* End PBXResourcesBuildPhase section */

/* Begin PBXSourcesBuildPhase section */
		683AE36E1E009BD200D2A793 /* Sources */ = {
			isa = PBXSourcesBuildPhase;
			buildActionMask = 2147483647;
			files = (
				683AE37A1E009BD200D2A793 /* SecondViewController.swift in Sources */,
				68B2B8C71E3A638D00D5D74C /* SignalButton.swift in Sources */,
				681D5DE81E083A5900F33CF1 /* ScanController.swift in Sources */,
				683AE3761E009BD200D2A793 /* AppDelegate.swift in Sources */,
				681D5DE61E08394700F33CF1 /* DeviceCell.swift in Sources */,
				683AE3A81E00A42B00D2A793 /* MyNewtDev.swift in Sources */,
				683AE3781E009BD200D2A793 /* FirstViewController.swift in Sources */,
				683AE3A61E00A07300D2A793 /* MyNewtSensor.swift in Sources */,
				683AE3AA1E00A61900D2A793 /* myNewtCell.swift in Sources */,
			);
			runOnlyForDeploymentPostprocessing = 0;
		};
		683AE3841E009BD200D2A793 /* Sources */ = {
			isa = PBXSourcesBuildPhase;
			buildActionMask = 2147483647;
			files = (
				683AE38D1E009BD200D2A793 /* MyNewt_SensorsTests.swift in Sources */,
			);
			runOnlyForDeploymentPostprocessing = 0;
		};
		683AE38F1E009BD200D2A793 /* Sources */ = {
			isa = PBXSourcesBuildPhase;
			buildActionMask = 2147483647;
			files = (
				683AE3981E009BD200D2A793 /* MyNewt_SensorsUITests.swift in Sources */,
			);
			runOnlyForDeploymentPostprocessing = 0;
		};
/* End PBXSourcesBuildPhase section */

/* Begin PBXTargetDependency section */
		683AE38A1E009BD200D2A793 /* PBXTargetDependency */ = {
			isa = PBXTargetDependency;
			target = 683AE3711E009BD200D2A793 /* MyNewt */;
			targetProxy = 683AE3891E009BD200D2A793 /* PBXContainerItemProxy */;
		};
		683AE3951E009BD200D2A793 /* PBXTargetDependency */ = {
			isa = PBXTargetDependency;
			target = 683AE3711E009BD200D2A793 /* MyNewt */;
			targetProxy = 683AE3941E009BD200D2A793 /* PBXContainerItemProxy */;
		};
/* End PBXTargetDependency section */

/* Begin PBXVariantGroup section */
		683AE37B1E009BD200D2A793 /* Main.storyboard */ = {
			isa = PBXVariantGroup;
			children = (
				683AE37C1E009BD200D2A793 /* Base */,
			);
			name = Main.storyboard;
			sourceTree = "<group>";
		};
		683AE3801E009BD200D2A793 /* LaunchScreen.storyboard */ = {
			isa = PBXVariantGroup;
			children = (
				683AE3811E009BD200D2A793 /* Base */,
			);
			name = LaunchScreen.storyboard;
			sourceTree = "<group>";
		};
/* End PBXVariantGroup section */

/* Begin XCBuildConfiguration section */
		683AE39A1E009BD200D2A793 /* Debug */ = {
			isa = XCBuildConfiguration;
			buildSettings = {
				ALWAYS_SEARCH_USER_PATHS = NO;
				CLANG_ANALYZER_NONNULL = YES;
				CLANG_CXX_LANGUAGE_STANDARD = "gnu++0x";
				CLANG_CXX_LIBRARY = "libc++";
				CLANG_ENABLE_MODULES = YES;
				CLANG_ENABLE_OBJC_ARC = YES;
				CLANG_WARN_BOOL_CONVERSION = YES;
				CLANG_WARN_CONSTANT_CONVERSION = YES;
				CLANG_WARN_DIRECT_OBJC_ISA_USAGE = YES_ERROR;
				CLANG_WARN_DOCUMENTATION_COMMENTS = YES;
				CLANG_WARN_EMPTY_BODY = YES;
				CLANG_WARN_ENUM_CONVERSION = YES;
				CLANG_WARN_INFINITE_RECURSION = YES;
				CLANG_WARN_INT_CONVERSION = YES;
				CLANG_WARN_OBJC_ROOT_CLASS = YES_ERROR;
				CLANG_WARN_SUSPICIOUS_MOVES = YES;
				CLANG_WARN_UNREACHABLE_CODE = YES;
				CLANG_WARN__DUPLICATE_METHOD_MATCH = YES;
				"CODE_SIGN_IDENTITY[sdk=iphoneos*]" = "iPhone Developer";
				COPY_PHASE_STRIP = NO;
				DEBUG_INFORMATION_FORMAT = dwarf;
				ENABLE_STRICT_OBJC_MSGSEND = YES;
				ENABLE_TESTABILITY = YES;
				GCC_C_LANGUAGE_STANDARD = gnu99;
				GCC_DYNAMIC_NO_PIC = NO;
				GCC_NO_COMMON_BLOCKS = YES;
				GCC_OPTIMIZATION_LEVEL = 0;
				GCC_PREPROCESSOR_DEFINITIONS = (
					"DEBUG=1",
					"$(inherited)",
				);
				GCC_WARN_64_TO_32_BIT_CONVERSION = YES;
				GCC_WARN_ABOUT_RETURN_TYPE = YES_ERROR;
				GCC_WARN_UNDECLARED_SELECTOR = YES;
				GCC_WARN_UNINITIALIZED_AUTOS = YES_AGGRESSIVE;
				GCC_WARN_UNUSED_FUNCTION = YES;
				GCC_WARN_UNUSED_VARIABLE = YES;
				IPHONEOS_DEPLOYMENT_TARGET = 10.0;
				MTL_ENABLE_DEBUG_INFO = YES;
				ONLY_ACTIVE_ARCH = YES;
				SDKROOT = iphoneos;
				SWIFT_ACTIVE_COMPILATION_CONDITIONS = DEBUG;
				SWIFT_OPTIMIZATION_LEVEL = "-Onone";
				TARGETED_DEVICE_FAMILY = "1,2";
			};
			name = Debug;
		};
		683AE39B1E009BD200D2A793 /* Release */ = {
			isa = XCBuildConfiguration;
			buildSettings = {
				ALWAYS_SEARCH_USER_PATHS = NO;
				CLANG_ANALYZER_NONNULL = YES;
				CLANG_CXX_LANGUAGE_STANDARD = "gnu++0x";
				CLANG_CXX_LIBRARY = "libc++";
				CLANG_ENABLE_MODULES = YES;
				CLANG_ENABLE_OBJC_ARC = YES;
				CLANG_WARN_BOOL_CONVERSION = YES;
				CLANG_WARN_CONSTANT_CONVERSION = YES;
				CLANG_WARN_DIRECT_OBJC_ISA_USAGE = YES_ERROR;
				CLANG_WARN_DOCUMENTATION_COMMENTS = YES;
				CLANG_WARN_EMPTY_BODY = YES;
				CLANG_WARN_ENUM_CONVERSION = YES;
				CLANG_WARN_INFINITE_RECURSION = YES;
				CLANG_WARN_INT_CONVERSION = YES;
				CLANG_WARN_OBJC_ROOT_CLASS = YES_ERROR;
				CLANG_WARN_SUSPICIOUS_MOVES = YES;
				CLANG_WARN_UNREACHABLE_CODE = YES;
				CLANG_WARN__DUPLICATE_METHOD_MATCH = YES;
				"CODE_SIGN_IDENTITY[sdk=iphoneos*]" = "iPhone Developer";
				COPY_PHASE_STRIP = NO;
				DEBUG_INFORMATION_FORMAT = "dwarf-with-dsym";
				ENABLE_NS_ASSERTIONS = NO;
				ENABLE_STRICT_OBJC_MSGSEND = YES;
				ENABLE_TESTABILITY = YES;
				GCC_C_LANGUAGE_STANDARD = gnu99;
				GCC_NO_COMMON_BLOCKS = YES;
				GCC_WARN_64_TO_32_BIT_CONVERSION = YES;
				GCC_WARN_ABOUT_RETURN_TYPE = YES_ERROR;
				GCC_WARN_UNDECLARED_SELECTOR = YES;
				GCC_WARN_UNINITIALIZED_AUTOS = YES_AGGRESSIVE;
				GCC_WARN_UNUSED_FUNCTION = YES;
				GCC_WARN_UNUSED_VARIABLE = YES;
				IPHONEOS_DEPLOYMENT_TARGET = 10.0;
				MTL_ENABLE_DEBUG_INFO = NO;
				ONLY_ACTIVE_ARCH = YES;
				SDKROOT = iphoneos;
				SWIFT_OPTIMIZATION_LEVEL = "-Owholemodule";
				TARGETED_DEVICE_FAMILY = "1,2";
				VALIDATE_PRODUCT = YES;
			};
			name = Release;
		};
		683AE39D1E009BD200D2A793 /* Debug */ = {
			isa = XCBuildConfiguration;
			buildSettings = {
				ASSETCATALOG_COMPILER_APPICON_NAME = AppIcon;
				DEVELOPMENT_TEAM = 54PAT44GP7;
				INFOPLIST_FILE = "MyNewt Sensors/Info.plist";
				IPHONEOS_DEPLOYMENT_TARGET = 10.0;
				LD_RUNPATH_SEARCH_PATHS = "$(inherited) @executable_path/Frameworks";
				PRODUCT_BUNDLE_IDENTIFIER = "com.dragonfly.MyNewt-Sensors";
				PRODUCT_NAME = "$(TARGET_NAME)";
				SWIFT_VERSION = 3.0;
				TARGETED_DEVICE_FAMILY = "1,2";
			};
			name = Debug;
		};
		683AE39E1E009BD200D2A793 /* Release */ = {
			isa = XCBuildConfiguration;
			buildSettings = {
				ASSETCATALOG_COMPILER_APPICON_NAME = AppIcon;
				DEVELOPMENT_TEAM = 54PAT44GP7;
				INFOPLIST_FILE = "MyNewt Sensors/Info.plist";
				IPHONEOS_DEPLOYMENT_TARGET = 10.0;
				LD_RUNPATH_SEARCH_PATHS = "$(inherited) @executable_path/Frameworks";
				PRODUCT_BUNDLE_IDENTIFIER = "com.dragonfly.MyNewt-Sensors";
				PRODUCT_NAME = "$(TARGET_NAME)";
				SWIFT_VERSION = 3.0;
				TARGETED_DEVICE_FAMILY = "1,2";
			};
			name = Release;
		};
		683AE3A01E009BD200D2A793 /* Debug */ = {
			isa = XCBuildConfiguration;
			buildSettings = {
				ALWAYS_EMBED_SWIFT_STANDARD_LIBRARIES = YES;
				BUNDLE_LOADER = "$(TEST_HOST)";
				DEVELOPMENT_TEAM = 54PAT44GP7;
				INFOPLIST_FILE = "MyNewt SensorsTests/Info.plist";
				LD_RUNPATH_SEARCH_PATHS = "$(inherited) @executable_path/Frameworks @loader_path/Frameworks";
				PRODUCT_BUNDLE_IDENTIFIER = "com.dragonfly.MyNewt-SensorsTests";
				PRODUCT_NAME = "$(TARGET_NAME)";
				SWIFT_VERSION = 3.0;
				TEST_HOST = "$(BUILT_PRODUCTS_DIR)/MyNewt.app/MyNewt";
			};
			name = Debug;
		};
		683AE3A11E009BD200D2A793 /* Release */ = {
			isa = XCBuildConfiguration;
			buildSettings = {
				ALWAYS_EMBED_SWIFT_STANDARD_LIBRARIES = YES;
				BUNDLE_LOADER = "$(TEST_HOST)";
				DEVELOPMENT_TEAM = 54PAT44GP7;
				INFOPLIST_FILE = "MyNewt SensorsTests/Info.plist";
				LD_RUNPATH_SEARCH_PATHS = "$(inherited) @executable_path/Frameworks @loader_path/Frameworks";
				PRODUCT_BUNDLE_IDENTIFIER = "com.dragonfly.MyNewt-SensorsTests";
				PRODUCT_NAME = "$(TARGET_NAME)";
				SWIFT_VERSION = 3.0;
				TEST_HOST = "$(BUILT_PRODUCTS_DIR)/MyNewt.app/MyNewt";
			};
			name = Release;
		};
		683AE3A31E009BD200D2A793 /* Debug */ = {
			isa = XCBuildConfiguration;
			buildSettings = {
				ALWAYS_EMBED_SWIFT_STANDARD_LIBRARIES = YES;
				DEVELOPMENT_TEAM = 54PAT44GP7;
				INFOPLIST_FILE = "MyNewt SensorsUITests/Info.plist";
				LD_RUNPATH_SEARCH_PATHS = "$(inherited) @executable_path/Frameworks @loader_path/Frameworks";
				PRODUCT_BUNDLE_IDENTIFIER = "com.dragonfly.MyNewt-SensorsUITests";
				PRODUCT_NAME = "$(TARGET_NAME)";
				SWIFT_VERSION = 3.0;
				TEST_TARGET_NAME = "MyNewt Sensors";
			};
			name = Debug;
		};
		683AE3A41E009BD200D2A793 /* Release */ = {
			isa = XCBuildConfiguration;
			buildSettings = {
				ALWAYS_EMBED_SWIFT_STANDARD_LIBRARIES = YES;
				DEVELOPMENT_TEAM = 54PAT44GP7;
				INFOPLIST_FILE = "MyNewt SensorsUITests/Info.plist";
				LD_RUNPATH_SEARCH_PATHS = "$(inherited) @executable_path/Frameworks @loader_path/Frameworks";
				PRODUCT_BUNDLE_IDENTIFIER = "com.dragonfly.MyNewt-SensorsUITests";
				PRODUCT_NAME = "$(TARGET_NAME)";
				SWIFT_VERSION = 3.0;
				TEST_TARGET_NAME = "MyNewt Sensors";
			};
			name = Release;
		};
/* End XCBuildConfiguration section */

/* Begin XCConfigurationList section */
		683AE36D1E009BD200D2A793 /* Build configuration list for PBXProject "MyNewt" */ = {
			isa = XCConfigurationList;
			buildConfigurations = (
				683AE39A1E009BD200D2A793 /* Debug */,
				683AE39B1E009BD200D2A793 /* Release */,
			);
			defaultConfigurationIsVisible = 0;
			defaultConfigurationName = Release;
		};
		683AE39C1E009BD200D2A793 /* Build configuration list for PBXNativeTarget "MyNewt" */ = {
			isa = XCConfigurationList;
			buildConfigurations = (
				683AE39D1E009BD200D2A793 /* Debug */,
				683AE39E1E009BD200D2A793 /* Release */,
			);
			defaultConfigurationIsVisible = 0;
			defaultConfigurationName = Release;
		};
		683AE39F1E009BD200D2A793 /* Build configuration list for PBXNativeTarget "MyNewtTests" */ = {
			isa = XCConfigurationList;
			buildConfigurations = (
				683AE3A01E009BD200D2A793 /* Debug */,
				683AE3A11E009BD200D2A793 /* Release */,
			);
			defaultConfigurationIsVisible = 0;
			defaultConfigurationName = Release;
		};
		683AE3A21E009BD200D2A793 /* Build configuration list for PBXNativeTarget "MyNewtUITests" */ = {
			isa = XCConfigurationList;
			buildConfigurations = (
				683AE3A31E009BD200D2A793 /* Debug */,
				683AE3A41E009BD200D2A793 /* Release */,
			);
			defaultConfigurationIsVisible = 0;
			defaultConfigurationName = Release;
		};
/* End XCConfigurationList section */
	};
	rootObject = 683AE36A1E009BD200D2A793 /* Project object */;
}
